// !$*UTF8*$!
{
	archiveVersion = 1;
	classes = {
	};
	objectVersion = 48;
	objects = {

/* Begin PBXBuildFile section */
		C7C510F720F5287900DD014A /* BMSPush.swift in Sources */ = {isa = PBXBuildFile; fileRef = C7C510F620F5287900DD014A /* BMSPush.swift */; };
		C7C510FD20F5370E00DD014A /* TextToSpeechV1.framework in Frameworks */ = {isa = PBXBuildFile; fileRef = C7C510FB20F5365900DD014A /* TextToSpeechV1.framework */; };
		C7C510FE20F5370E00DD014A /* TextToSpeechV1.framework in Embed Frameworks */ = {isa = PBXBuildFile; fileRef = C7C510FB20F5365900DD014A /* TextToSpeechV1.framework */; settings = {ATTRIBUTES = (CodeSignOnCopy, RemoveHeadersOnCopy, ); }; };
		C7CA798C20F4FF41007CF155 /* ViewController.swift in Sources */ = {isa = PBXBuildFile; fileRef = C7CA798B20F4FF41007CF155 /* ViewController.swift */; };
		C7CA798F20F4FF41007CF155 /* Main.storyboard in Resources */ = {isa = PBXBuildFile; fileRef = C7CA798D20F4FF41007CF155 /* Main.storyboard */; };
		C7CA799120F4FF43007CF155 /* Assets.xcassets in Resources */ = {isa = PBXBuildFile; fileRef = C7CA799020F4FF43007CF155 /* Assets.xcassets */; };
		C7CA799420F4FF43007CF155 /* LaunchScreen.storyboard in Resources */ = {isa = PBXBuildFile; fileRef = C7CA799220F4FF43007CF155 /* LaunchScreen.storyboard */; };
		C7CA799C20F4FFFA007CF155 /* ViewControllerTableViewCell.swift in Sources */ = {isa = PBXBuildFile; fileRef = C7CA799B20F4FFFA007CF155 /* ViewControllerTableViewCell.swift */; };
		C7CA799E20F501B1007CF155 /* Menu.swift in Sources */ = {isa = PBXBuildFile; fileRef = C7CA799D20F501B0007CF155 /* Menu.swift */; };
		C7CA79A020F502F4007CF155 /* captainamerica.jpeg in Resources */ = {isa = PBXBuildFile; fileRef = C7CA799F20F502F4007CF155 /* captainamerica.jpeg */; };
		C7CA79A220F503C0007CF155 /* AppDelegate.swift in Sources */ = {isa = PBXBuildFile; fileRef = C7CA79A120F503C0007CF155 /* AppDelegate.swift */; };
		C7CA79A420F50693007CF155 /* MenuItems.swift in Sources */ = {isa = PBXBuildFile; fileRef = C7CA79A320F50693007CF155 /* MenuItems.swift */; };
		C7CA79A820F50A82007CF155 /* CloundantAdapter.swift in Sources */ = {isa = PBXBuildFile; fileRef = C7CA79A720F50A82007CF155 /* CloundantAdapter.swift */; };
		FE25F0A7AEDE21788DBF0DD2 /* Pods_HillView_Apartment.framework in Frameworks */ = {isa = PBXBuildFile; fileRef = D980BB56F3C2E54095863D47 /* Pods_HillView_Apartment.framework */; };
/* End PBXBuildFile section */

/* Begin PBXCopyFilesBuildPhase section */
		C7C510FF20F5370E00DD014A /* Embed Frameworks */ = {
			isa = PBXCopyFilesBuildPhase;
			buildActionMask = 2147483647;
			dstPath = "";
			dstSubfolderSpec = 10;
			files = (
				C7C510FE20F5370E00DD014A /* TextToSpeechV1.framework in Embed Frameworks */,
			);
			name = "Embed Frameworks";
			runOnlyForDeploymentPostprocessing = 0;
		};
/* End PBXCopyFilesBuildPhase section */

/* Begin PBXFileReference section */
		C7C510F620F5287900DD014A /* BMSPush.swift */ = {isa = PBXFileReference; fileEncoding = 4; lastKnownFileType = sourcecode.swift; path = BMSPush.swift; sourceTree = "<group>"; };
		C7C510FA20F52D0D00DD014A /* HillView-Apartment.entitlements */ = {isa = PBXFileReference; lastKnownFileType = text.plist.entitlements; path = "HillView-Apartment.entitlements"; sourceTree = "<group>"; };
		C7C510FB20F5365900DD014A /* TextToSpeechV1.framework */ = {isa = PBXFileReference; lastKnownFileType = wrapper.framework; name = TextToSpeechV1.framework; path = "HillView-Apartment/TextToSpeechV1.framework"; sourceTree = SOURCE_ROOT; };
		C7CA798620F4FF41007CF155 /* HillView-Apartment.app */ = {isa = PBXFileReference; explicitFileType = wrapper.application; includeInIndex = 0; path = "HillView-Apartment.app"; sourceTree = BUILT_PRODUCTS_DIR; };
		C7CA798B20F4FF41007CF155 /* ViewController.swift */ = {isa = PBXFileReference; lastKnownFileType = sourcecode.swift; path = ViewController.swift; sourceTree = "<group>"; };
		C7CA798E20F4FF41007CF155 /* Base */ = {isa = PBXFileReference; lastKnownFileType = file.storyboard; name = Base; path = Base.lproj/Main.storyboard; sourceTree = "<group>"; };
		C7CA799020F4FF43007CF155 /* Assets.xcassets */ = {isa = PBXFileReference; lastKnownFileType = folder.assetcatalog; path = Assets.xcassets; sourceTree = "<group>"; };
		C7CA799320F4FF43007CF155 /* Base */ = {isa = PBXFileReference; lastKnownFileType = file.storyboard; name = Base; path = Base.lproj/LaunchScreen.storyboard; sourceTree = "<group>"; };
		C7CA799520F4FF43007CF155 /* Info.plist */ = {isa = PBXFileReference; lastKnownFileType = text.plist.xml; path = Info.plist; sourceTree = "<group>"; };
		C7CA799B20F4FFFA007CF155 /* ViewControllerTableViewCell.swift */ = {isa = PBXFileReference; fileEncoding = 4; lastKnownFileType = sourcecode.swift; path = ViewControllerTableViewCell.swift; sourceTree = "<group>"; };
		C7CA799D20F501B0007CF155 /* Menu.swift */ = {isa = PBXFileReference; fileEncoding = 4; lastKnownFileType = sourcecode.swift; path = Menu.swift; sourceTree = "<group>"; };
		C7CA799F20F502F4007CF155 /* captainamerica.jpeg */ = {isa = PBXFileReference; lastKnownFileType = image.jpeg; path = captainamerica.jpeg; sourceTree = "<group>"; };
		C7CA79A120F503C0007CF155 /* AppDelegate.swift */ = {isa = PBXFileReference; fileEncoding = 4; lastKnownFileType = sourcecode.swift; path = AppDelegate.swift; sourceTree = "<group>"; };
		C7CA79A320F50693007CF155 /* MenuItems.swift */ = {isa = PBXFileReference; lastKnownFileType = sourcecode.swift; path = MenuItems.swift; sourceTree = "<group>"; };
		C7CA79A720F50A82007CF155 /* CloundantAdapter.swift */ = {isa = PBXFileReference; fileEncoding = 4; lastKnownFileType = sourcecode.swift; path = CloundantAdapter.swift; sourceTree = "<group>"; };
		D980BB56F3C2E54095863D47 /* Pods_HillView_Apartment.framework */ = {isa = PBXFileReference; explicitFileType = wrapper.framework; includeInIndex = 0; path = Pods_HillView_Apartment.framework; sourceTree = BUILT_PRODUCTS_DIR; };
		E3307246E7D4F2DE19CBB88C /* Pods-HillView-Apartment.release.xcconfig */ = {isa = PBXFileReference; includeInIndex = 1; lastKnownFileType = text.xcconfig; name = "Pods-HillView-Apartment.release.xcconfig"; path = "Pods/Target Support Files/Pods-HillView-Apartment/Pods-HillView-Apartment.release.xcconfig"; sourceTree = "<group>"; };
		F2462D8A2CB1EBAFA72C3536 /* Pods-HillView-Apartment.debug.xcconfig */ = {isa = PBXFileReference; includeInIndex = 1; lastKnownFileType = text.xcconfig; name = "Pods-HillView-Apartment.debug.xcconfig"; path = "Pods/Target Support Files/Pods-HillView-Apartment/Pods-HillView-Apartment.debug.xcconfig"; sourceTree = "<group>"; };
/* End PBXFileReference section */

/* Begin PBXFrameworksBuildPhase section */
		C7CA798320F4FF41007CF155 /* Frameworks */ = {
			isa = PBXFrameworksBuildPhase;
			buildActionMask = 2147483647;
			files = (
				FE25F0A7AEDE21788DBF0DD2 /* Pods_HillView_Apartment.framework in Frameworks */,
				C7C510FD20F5370E00DD014A /* TextToSpeechV1.framework in Frameworks */,
			);
			runOnlyForDeploymentPostprocessing = 0;
		};
/* End PBXFrameworksBuildPhase section */

/* Begin PBXGroup section */
		2F514526D2C8FCF8D7AEAFFD /* Frameworks */ = {
			isa = PBXGroup;
			children = (
				D980BB56F3C2E54095863D47 /* Pods_HillView_Apartment.framework */,
			);
			name = Frameworks;
			sourceTree = "<group>";
		};
		3E843B876CB5FD8CB58A7571 /* Pods */ = {
			isa = PBXGroup;
			children = (
				F2462D8A2CB1EBAFA72C3536 /* Pods-HillView-Apartment.debug.xcconfig */,
				E3307246E7D4F2DE19CBB88C /* Pods-HillView-Apartment.release.xcconfig */,
			);
			name = Pods;
			sourceTree = "<group>";
		};
		C7CA797D20F4FF41007CF155 = {
			isa = PBXGroup;
			children = (
				C7CA798820F4FF41007CF155 /* HillView-Apartment */,
				C7CA798720F4FF41007CF155 /* Products */,
				3E843B876CB5FD8CB58A7571 /* Pods */,
				2F514526D2C8FCF8D7AEAFFD /* Frameworks */,
			);
			sourceTree = "<group>";
		};
		C7CA798720F4FF41007CF155 /* Products */ = {
			isa = PBXGroup;
			children = (
				C7CA798620F4FF41007CF155 /* HillView-Apartment.app */,
			);
			name = Products;
			sourceTree = "<group>";
		};
		C7CA798820F4FF41007CF155 /* HillView-Apartment */ = {
			isa = PBXGroup;
			children = (
				C7C510FB20F5365900DD014A /* TextToSpeechV1.framework */,
				C7C510FA20F52D0D00DD014A /* HillView-Apartment.entitlements */,
				C7CA799F20F502F4007CF155 /* captainamerica.jpeg */,
				C7CA798B20F4FF41007CF155 /* ViewController.swift */,
				C7C510F620F5287900DD014A /* BMSPush.swift */,
				C7CA799B20F4FFFA007CF155 /* ViewControllerTableViewCell.swift */,
				C7CA79A720F50A82007CF155 /* CloundantAdapter.swift */,
				C7CA79A120F503C0007CF155 /* AppDelegate.swift */,
				C7CA799D20F501B0007CF155 /* Menu.swift */,
				C7CA79A320F50693007CF155 /* MenuItems.swift */,
				C7CA798D20F4FF41007CF155 /* Main.storyboard */,
				C7CA799020F4FF43007CF155 /* Assets.xcassets */,
				C7CA799220F4FF43007CF155 /* LaunchScreen.storyboard */,
				C7CA799520F4FF43007CF155 /* Info.plist */,
			);
			path = "HillView-Apartment";
			sourceTree = "<group>";
		};
/* End PBXGroup section */

/* Begin PBXNativeTarget section */
		C7CA798520F4FF41007CF155 /* HillView-Apartment */ = {
			isa = PBXNativeTarget;
			buildConfigurationList = C7CA799820F4FF43007CF155 /* Build configuration list for PBXNativeTarget "HillView-Apartment" */;
			buildPhases = (
				EB92C71D6C188D29E374D5AA /* [CP] Check Pods Manifest.lock */,
				C7CA798220F4FF41007CF155 /* Sources */,
				C7CA798320F4FF41007CF155 /* Frameworks */,
				C7CA798420F4FF41007CF155 /* Resources */,
				D90FE94EC1EDDB3AE42333FD /* [CP] Embed Pods Frameworks */,
				19D8842C087AFE5066929FC5 /* [CP] Copy Pods Resources */,
				C7C510FF20F5370E00DD014A /* Embed Frameworks */,
			);
			buildRules = (
			);
			dependencies = (
			);
			name = "HillView-Apartment";
			productName = "Hill View Apartment";
			productReference = C7CA798620F4FF41007CF155 /* HillView-Apartment.app */;
			productType = "com.apple.product-type.application";
		};
/* End PBXNativeTarget section */

/* Begin PBXProject section */
		C7CA797E20F4FF41007CF155 /* Project object */ = {
			isa = PBXProject;
			attributes = {
				LastSwiftUpdateCheck = 0940;
				LastUpgradeCheck = 0940;
				ORGANIZATIONNAME = "Vittal Pai";
				TargetAttributes = {
					C7CA798520F4FF41007CF155 = {
						CreatedOnToolsVersion = 9.4.1;
						ProvisioningStyle = Manual;
						SystemCapabilities = {
							com.apple.Push = {
								enabled = 1;
							};
						};
					};
				};
			};
			buildConfigurationList = C7CA798120F4FF41007CF155 /* Build configuration list for PBXProject "HillView-Apartment" */;
			compatibilityVersion = "Xcode 8.0";
			developmentRegion = en;
			hasScannedForEncodings = 0;
			knownRegions = (
				en,
				Base,
			);
			mainGroup = C7CA797D20F4FF41007CF155;
			productRefGroup = C7CA798720F4FF41007CF155 /* Products */;
			projectDirPath = "";
			projectRoot = "";
			targets = (
				C7CA798520F4FF41007CF155 /* HillView-Apartment */,
			);
		};
/* End PBXProject section */

/* Begin PBXResourcesBuildPhase section */
		C7CA798420F4FF41007CF155 /* Resources */ = {
			isa = PBXResourcesBuildPhase;
			buildActionMask = 2147483647;
			files = (
				C7CA799420F4FF43007CF155 /* LaunchScreen.storyboard in Resources */,
				C7CA79A020F502F4007CF155 /* captainamerica.jpeg in Resources */,
				C7CA799120F4FF43007CF155 /* Assets.xcassets in Resources */,
				C7CA798F20F4FF41007CF155 /* Main.storyboard in Resources */,
			);
			runOnlyForDeploymentPostprocessing = 0;
		};
/* End PBXResourcesBuildPhase section */

/* Begin PBXShellScriptBuildPhase section */
		19D8842C087AFE5066929FC5 /* [CP] Copy Pods Resources */ = {
			isa = PBXShellScriptBuildPhase;
			buildActionMask = 2147483647;
			files = (
			);
			inputPaths = (
			);
			name = "[CP] Copy Pods Resources";
			outputPaths = (
			);
			runOnlyForDeploymentPostprocessing = 0;
			shellPath = /bin/sh;
			shellScript = "\"${SRCROOT}/Pods/Target Support Files/Pods-HillView-Apartment/Pods-HillView-Apartment-resources.sh\"\n";
			showEnvVarsInLog = 0;
		};
		D90FE94EC1EDDB3AE42333FD /* [CP] Embed Pods Frameworks */ = {
			isa = PBXShellScriptBuildPhase;
			buildActionMask = 2147483647;
			files = (
			);
			inputPaths = (
				"${SRCROOT}/Pods/Target Support Files/Pods-HillView-Apartment/Pods-HillView-Apartment-frameworks.sh",
				"${BUILT_PRODUCTS_DIR}/Alamofire/Alamofire.framework",
				"${BUILT_PRODUCTS_DIR}/AlamofireImage/AlamofireImage.framework",
				"${BUILT_PRODUCTS_DIR}/BMSAnalyticsAPI/BMSAnalyticsAPI.framework",
				"${BUILT_PRODUCTS_DIR}/BMSCore/BMSCore.framework",
				"${BUILT_PRODUCTS_DIR}/BMSPush/BMSPush.framework",
				"${BUILT_PRODUCTS_DIR}/SwiftCloudant/SwiftCloudant.framework",
			);
			name = "[CP] Embed Pods Frameworks";
			outputPaths = (
				"${TARGET_BUILD_DIR}/${FRAMEWORKS_FOLDER_PATH}/Alamofire.framework",
				"${TARGET_BUILD_DIR}/${FRAMEWORKS_FOLDER_PATH}/AlamofireImage.framework",
				"${TARGET_BUILD_DIR}/${FRAMEWORKS_FOLDER_PATH}/BMSAnalyticsAPI.framework",
				"${TARGET_BUILD_DIR}/${FRAMEWORKS_FOLDER_PATH}/BMSCore.framework",
				"${TARGET_BUILD_DIR}/${FRAMEWORKS_FOLDER_PATH}/BMSPush.framework",
				"${TARGET_BUILD_DIR}/${FRAMEWORKS_FOLDER_PATH}/SwiftCloudant.framework",
			);
			runOnlyForDeploymentPostprocessing = 0;
			shellPath = /bin/sh;
			shellScript = "\"${SRCROOT}/Pods/Target Support Files/Pods-HillView-Apartment/Pods-HillView-Apartment-frameworks.sh\"\n";
			showEnvVarsInLog = 0;
		};
		EB92C71D6C188D29E374D5AA /* [CP] Check Pods Manifest.lock */ = {
			isa = PBXShellScriptBuildPhase;
			buildActionMask = 2147483647;
			files = (
			);
			inputPaths = (
				"${PODS_PODFILE_DIR_PATH}/Podfile.lock",
				"${PODS_ROOT}/Manifest.lock",
			);
			name = "[CP] Check Pods Manifest.lock";
			outputPaths = (
				"$(DERIVED_FILE_DIR)/Pods-HillView-Apartment-checkManifestLockResult.txt",
			);
			runOnlyForDeploymentPostprocessing = 0;
			shellPath = /bin/sh;
			shellScript = "diff \"${PODS_PODFILE_DIR_PATH}/Podfile.lock\" \"${PODS_ROOT}/Manifest.lock\" > /dev/null\nif [ $? != 0 ] ; then\n    # print error to STDERR\n    echo \"error: The sandbox is not in sync with the Podfile.lock. Run 'pod install' or update your CocoaPods installation.\" >&2\n    exit 1\nfi\n# This output is used by Xcode 'outputs' to avoid re-running this script phase.\necho \"SUCCESS\" > \"${SCRIPT_OUTPUT_FILE_0}\"\n";
			showEnvVarsInLog = 0;
		};
/* End PBXShellScriptBuildPhase section */

/* Begin PBXSourcesBuildPhase section */
		C7CA798220F4FF41007CF155 /* Sources */ = {
			isa = PBXSourcesBuildPhase;
			buildActionMask = 2147483647;
			files = (
				C7CA79A820F50A82007CF155 /* CloundantAdapter.swift in Sources */,
				C7CA79A220F503C0007CF155 /* AppDelegate.swift in Sources */,
				C7CA798C20F4FF41007CF155 /* ViewController.swift in Sources */,
				C7CA79A420F50693007CF155 /* MenuItems.swift in Sources */,
				C7CA799C20F4FFFA007CF155 /* ViewControllerTableViewCell.swift in Sources */,
				C7CA799E20F501B1007CF155 /* Menu.swift in Sources */,
				C7C510F720F5287900DD014A /* BMSPush.swift in Sources */,
			);
			runOnlyForDeploymentPostprocessing = 0;
		};
/* End PBXSourcesBuildPhase section */

/* Begin PBXVariantGroup section */
		C7CA798D20F4FF41007CF155 /* Main.storyboard */ = {
			isa = PBXVariantGroup;
			children = (
				C7CA798E20F4FF41007CF155 /* Base */,
			);
			name = Main.storyboard;
			sourceTree = "<group>";
		};
		C7CA799220F4FF43007CF155 /* LaunchScreen.storyboard */ = {
			isa = PBXVariantGroup;
			children = (
				C7CA799320F4FF43007CF155 /* Base */,
			);
			name = LaunchScreen.storyboard;
			sourceTree = "<group>";
		};
/* End PBXVariantGroup section */

/* Begin XCBuildConfiguration section */
		C7CA799620F4FF43007CF155 /* Debug */ = {
			isa = XCBuildConfiguration;
			buildSettings = {
				ALWAYS_SEARCH_USER_PATHS = NO;
				CLANG_ANALYZER_NONNULL = YES;
				CLANG_ANALYZER_NUMBER_OBJECT_CONVERSION = YES_AGGRESSIVE;
				CLANG_CXX_LANGUAGE_STANDARD = "gnu++14";
				CLANG_CXX_LIBRARY = "libc++";
				CLANG_ENABLE_MODULES = YES;
				CLANG_ENABLE_OBJC_ARC = YES;
				CLANG_ENABLE_OBJC_WEAK = YES;
				CLANG_WARN_BLOCK_CAPTURE_AUTORELEASING = YES;
				CLANG_WARN_BOOL_CONVERSION = YES;
				CLANG_WARN_COMMA = YES;
				CLANG_WARN_CONSTANT_CONVERSION = YES;
				CLANG_WARN_DEPRECATED_OBJC_IMPLEMENTATIONS = YES;
				CLANG_WARN_DIRECT_OBJC_ISA_USAGE = YES_ERROR;
				CLANG_WARN_DOCUMENTATION_COMMENTS = YES;
				CLANG_WARN_EMPTY_BODY = YES;
				CLANG_WARN_ENUM_CONVERSION = YES;
				CLANG_WARN_INFINITE_RECURSION = YES;
				CLANG_WARN_INT_CONVERSION = YES;
				CLANG_WARN_NON_LITERAL_NULL_CONVERSION = YES;
				CLANG_WARN_OBJC_IMPLICIT_RETAIN_SELF = YES;
				CLANG_WARN_OBJC_LITERAL_CONVERSION = YES;
				CLANG_WARN_OBJC_ROOT_CLASS = YES_ERROR;
				CLANG_WARN_RANGE_LOOP_ANALYSIS = YES;
				CLANG_WARN_STRICT_PROTOTYPES = YES;
				CLANG_WARN_SUSPICIOUS_MOVE = YES;
				CLANG_WARN_UNGUARDED_AVAILABILITY = YES_AGGRESSIVE;
				CLANG_WARN_UNREACHABLE_CODE = YES;
				CLANG_WARN__DUPLICATE_METHOD_MATCH = YES;
				CODE_SIGN_IDENTITY = "iPhone Developer";
				COPY_PHASE_STRIP = NO;
				DEBUG_INFORMATION_FORMAT = dwarf;
				ENABLE_STRICT_OBJC_MSGSEND = YES;
				ENABLE_TESTABILITY = YES;
				GCC_C_LANGUAGE_STANDARD = gnu11;
				GCC_DYNAMIC_NO_PIC = NO;
				GCC_NO_COMMON_BLOCKS = YES;
				GCC_OPTIMIZATION_LEVEL = 0;
				GCC_PREPROCESSOR_DEFINITIONS = (
					"DEBUG=1",
					"$(inherited)",
				);
				GCC_WARN_64_TO_32_BIT_CONVERSION = YES;
				GCC_WARN_ABOUT_RETURN_TYPE = YES_ERROR;
				GCC_WARN_UNDECLARED_SELECTOR = YES;
				GCC_WARN_UNINITIALIZED_AUTOS = YES_AGGRESSIVE;
				GCC_WARN_UNUSED_FUNCTION = YES;
				GCC_WARN_UNUSED_VARIABLE = YES;
				IPHONEOS_DEPLOYMENT_TARGET = 11.4;
				MTL_ENABLE_DEBUG_INFO = YES;
				ONLY_ACTIVE_ARCH = YES;
				SDKROOT = iphoneos;
				SWIFT_ACTIVE_COMPILATION_CONDITIONS = DEBUG;
				SWIFT_OPTIMIZATION_LEVEL = "-Onone";
			};
			name = Debug;
		};
		C7CA799720F4FF43007CF155 /* Release */ = {
			isa = XCBuildConfiguration;
			buildSettings = {
				ALWAYS_SEARCH_USER_PATHS = NO;
				CLANG_ANALYZER_NONNULL = YES;
				CLANG_ANALYZER_NUMBER_OBJECT_CONVERSION = YES_AGGRESSIVE;
				CLANG_CXX_LANGUAGE_STANDARD = "gnu++14";
				CLANG_CXX_LIBRARY = "libc++";
				CLANG_ENABLE_MODULES = YES;
				CLANG_ENABLE_OBJC_ARC = YES;
				CLANG_ENABLE_OBJC_WEAK = YES;
				CLANG_WARN_BLOCK_CAPTURE_AUTORELEASING = YES;
				CLANG_WARN_BOOL_CONVERSION = YES;
				CLANG_WARN_COMMA = YES;
				CLANG_WARN_CONSTANT_CONVERSION = YES;
				CLANG_WARN_DEPRECATED_OBJC_IMPLEMENTATIONS = YES;
				CLANG_WARN_DIRECT_OBJC_ISA_USAGE = YES_ERROR;
				CLANG_WARN_DOCUMENTATION_COMMENTS = YES;
				CLANG_WARN_EMPTY_BODY = YES;
				CLANG_WARN_ENUM_CONVERSION = YES;
				CLANG_WARN_INFINITE_RECURSION = YES;
				CLANG_WARN_INT_CONVERSION = YES;
				CLANG_WARN_NON_LITERAL_NULL_CONVERSION = YES;
				CLANG_WARN_OBJC_IMPLICIT_RETAIN_SELF = YES;
				CLANG_WARN_OBJC_LITERAL_CONVERSION = YES;
				CLANG_WARN_OBJC_ROOT_CLASS = YES_ERROR;
				CLANG_WARN_RANGE_LOOP_ANALYSIS = YES;
				CLANG_WARN_STRICT_PROTOTYPES = YES;
				CLANG_WARN_SUSPICIOUS_MOVE = YES;
				CLANG_WARN_UNGUARDED_AVAILABILITY = YES_AGGRESSIVE;
				CLANG_WARN_UNREACHABLE_CODE = YES;
				CLANG_WARN__DUPLICATE_METHOD_MATCH = YES;
				CODE_SIGN_IDENTITY = "iPhone Developer";
				COPY_PHASE_STRIP = NO;
				DEBUG_INFORMATION_FORMAT = "dwarf-with-dsym";
				ENABLE_NS_ASSERTIONS = NO;
				ENABLE_STRICT_OBJC_MSGSEND = YES;
				GCC_C_LANGUAGE_STANDARD = gnu11;
				GCC_NO_COMMON_BLOCKS = YES;
				GCC_WARN_64_TO_32_BIT_CONVERSION = YES;
				GCC_WARN_ABOUT_RETURN_TYPE = YES_ERROR;
				GCC_WARN_UNDECLARED_SELECTOR = YES;
				GCC_WARN_UNINITIALIZED_AUTOS = YES_AGGRESSIVE;
				GCC_WARN_UNUSED_FUNCTION = YES;
				GCC_WARN_UNUSED_VARIABLE = YES;
				IPHONEOS_DEPLOYMENT_TARGET = 11.4;
				MTL_ENABLE_DEBUG_INFO = NO;
				SDKROOT = iphoneos;
				SWIFT_OPTIMIZATION_LEVEL = "-Owholemodule";
				VALIDATE_PRODUCT = YES;
			};
			name = Release;
		};
		C7CA799920F4FF43007CF155 /* Debug */ = {
			isa = XCBuildConfiguration;
			baseConfigurationReference = F2462D8A2CB1EBAFA72C3536 /* Pods-HillView-Apartment.debug.xcconfig */;
			buildSettings = {
				ASSETCATALOG_COMPILER_APPICON_NAME = AppIcon;
				CODE_SIGN_ENTITLEMENTS = "HillView-Apartment/HillView-Apartment.entitlements";
				CODE_SIGN_STYLE = Manual;
				DEVELOPMENT_TEAM = TN6YQNGLXP;
				FRAMEWORK_SEARCH_PATHS = (
					"$(inherited)",
					"$(PROJECT_DIR)/Carthage/Build/iOS",
					"$(PROJECT_DIR)/HillView-Apartment",
				);
				INFOPLIST_FILE = "HillView-Apartment/Info.plist";
				LD_RUNPATH_SEARCH_PATHS = "$(inherited) @executable_path/Frameworks";
				PRODUCT_BUNDLE_IDENTIFIER = com.mfp.sdk.push;
				PRODUCT_NAME = "$(TARGET_NAME)";
				PROVISIONING_PROFILE = "402a3ea1-cdf3-4050-9bd2-d4bc740cb610";
				PROVISIONING_PROFILE_SPECIFIER = "MFP SDK Push Vittal";
				SWIFT_VERSION = 4.0;
				TARGETED_DEVICE_FAMILY = "1,2";
			};
			name = Debug;
		};
		C7CA799A20F4FF43007CF155 /* Release */ = {
			isa = XCBuildConfiguration;
			baseConfigurationReference = E3307246E7D4F2DE19CBB88C /* Pods-HillView-Apartment.release.xcconfig */;
			buildSettings = {
				ASSETCATALOG_COMPILER_APPICON_NAME = AppIcon;
				CODE_SIGN_ENTITLEMENTS = "HillView-Apartment/HillView-Apartment.entitlements";
				CODE_SIGN_STYLE = Manual;
				DEVELOPMENT_TEAM = TN6YQNGLXP;
				FRAMEWORK_SEARCH_PATHS = (
					"$(inherited)",
					"$(PROJECT_DIR)/Carthage/Build/iOS",
					"$(PROJECT_DIR)/HillView-Apartment",
				);
				INFOPLIST_FILE = "HillView-Apartment/Info.plist";
				LD_RUNPATH_SEARCH_PATHS = "$(inherited) @executable_path/Frameworks";
				PRODUCT_BUNDLE_IDENTIFIER = com.mfp.sdk.push;
				PRODUCT_NAME = "$(TARGET_NAME)";
				PROVISIONING_PROFILE = "402a3ea1-cdf3-4050-9bd2-d4bc740cb610";
				PROVISIONING_PROFILE_SPECIFIER = "MFP SDK Push Vittal";
				SWIFT_VERSION = 4.0;
				TARGETED_DEVICE_FAMILY = "1,2";
			};
			name = Release;
		};
/* End XCBuildConfiguration section */

/* Begin XCConfigurationList section */
		C7CA798120F4FF41007CF155 /* Build configuration list for PBXProject "HillView-Apartment" */ = {
			isa = XCConfigurationList;
			buildConfigurations = (
				C7CA799620F4FF43007CF155 /* Debug */,
				C7CA799720F4FF43007CF155 /* Release */,
			);
			defaultConfigurationIsVisible = 0;
			defaultConfigurationName = Release;
		};
		C7CA799820F4FF43007CF155 /* Build configuration list for PBXNativeTarget "HillView-Apartment" */ = {
			isa = XCConfigurationList;
			buildConfigurations = (
				C7CA799920F4FF43007CF155 /* Debug */,
				C7CA799A20F4FF43007CF155 /* Release */,
			);
			defaultConfigurationIsVisible = 0;
			defaultConfigurationName = Release;
		};
/* End XCConfigurationList section */
	};
	rootObject = C7CA797E20F4FF41007CF155 /* Project object */;
}
